
Microsoft Visual Studio Solution File, Format Version 12.00
# Visual Studio 15
VisualStudioVersion = 15.0.27703.2035
MinimumVisualStudioVersion = 10.0.40219.1
Project("{FAE04EC0-301F-11D3-BF4B-00C04F79EFBC}") = "SimpleCalculator", "SimpleCalculator\SimpleCalculator.csproj", "{64A436BC-F3E7-4A09-AD63-CA54A65E1D02}"
EndProject
Project("{FAE04EC0-301F-11D3-BF4B-00C04F79EFBC}") = "SimpleCalculator.Test.Unit", "SimpleCalculator.Test.Unit\SimpleCalculator.Test.Unit.csproj", "{163895DB-A465-48B4-8D3E-788E15E9E4C4}"
EndProject
Global
	GlobalSection(SolutionConfigurationPlatforms) = preSolution
		Debug|Any CPU = Debug|Any CPU
		Release|Any CPU = Release|Any CPU
	EndGlobalSection
	GlobalSection(ProjectConfigurationPlatforms) = postSolution
		{64A436BC-F3E7-4A09-AD63-CA54A65E1D02}.Debug|Any CPU.ActiveCfg = Debug|Any CPU
		{64A436BC-F3E7-4A09-AD63-CA54A65E1D02}.Debug|Any CPU.Build.0 = Debug|Any CPU
		{64A436BC-F3E7-4A09-AD63-CA54A65E1D02}.Release|Any CPU.ActiveCfg = Release|Any CPU
		{64A436BC-F3E7-4A09-AD63-CA54A65E1D02}.Release|Any CPU.Build.0 = Release|Any CPU
		{163895DB-A465-48B4-8D3E-788E15E9E4C4}.Debug|Any CPU.ActiveCfg = Debug|Any CPU
		{163895DB-A465-48B4-8D3E-788E15E9E4C4}.Debug|Any CPU.Build.0 = Debug|Any CPU
		{163895DB-A465-48B4-8D3E-788E15E9E4C4}.Release|Any CPU.ActiveCfg = Release|Any CPU
		{163895DB-A465-48B4-8D3E-788E15E9E4C4}.Release|Any CPU.Build.0 = Release|Any CPU
	EndGlobalSection
	GlobalSection(SolutionProperties) = preSolution
		HideSolutionNode = FALSE
	EndGlobalSection
	GlobalSection(ExtensibilityGlobals) = postSolution
		SolutionGuid = {04C582FC-9DD6-48CF-AD17-08E4AF1F1DE4}
	EndGlobalSection
EndGlobal
